
Microsoft Visual Studio Solution File, Format Version 12.00
# Visual Studio Version 16
VisualStudioVersion = 16.0.31624.102
MinimumVisualStudioVersion = 10.0.40219.1
Project("{FAE04EC0-301F-11D3-BF4B-00C04F79EFBC}") = "GeoApi", "GeoApi.csproj", "{F200BB67-BCB5-4C58-AD45-AC6BE2943982}"
EndProject
Global
	GlobalSection(SolutionConfigurationPlatforms) = preSolution
		Debug|Any CPU = Debug|Any CPU
		Release|Any CPU = Release|Any CPU
	EndGlobalSection
	GlobalSection(ProjectConfigurationPlatforms) = postSolution
		{F200BB67-BCB5-4C58-AD45-AC6BE2943982}.Debug|Any CPU.ActiveCfg = Debug|Any CPU
		{F200BB67-BCB5-4C58-AD45-AC6BE2943982}.Debug|Any CPU.Build.0 = Debug|Any CPU
		{F200BB67-BCB5-4C58-AD45-AC6BE2943982}.Release|Any CPU.ActiveCfg = Release|Any CPU
		{F200BB67-BCB5-4C58-AD45-AC6BE2943982}.Release|Any CPU.Build.0 = Release|Any CPU
	EndGlobalSection
	GlobalSection(SolutionProperties) = preSolution
		HideSolutionNode = FALSE
	EndGlobalSection
	GlobalSection(ExtensibilityGlobals) = postSolution
		SolutionGuid = {0EB8814F-98FB-4964-A609-2F0EB04712AD}
	EndGlobalSection
EndGlobal
